# This is a Gradle generated file for dependency locking.
# Manual edits can break the build and are not advised.
# This file is expected to be part of source control.
# To regenerate this file, run: ./gradlew :benchmark:dependencies --write-locks
androidx.activity:activity-compose:1.13.0=benchmarkTestedApks,debugTestedApks
androidx.activity:activity:1.13.0=benchmarkTestedApks,debugTestedApks
androidx.annotation:annotation-experimental:1.4.1=benchmarkCompileClasspath,benchmarkLintChecksClasspath,benchmarkRuntimeClasspath,benchmarkTestedApks,debugCompileClasspath,debugLintChecksClasspath,debugRuntimeClasspath,debugTestedApks
androidx.annotation:annotation-jvm:1.10.0=benchmarkTestedApks,debugTestedApks
androidx.annotation:annotation-jvm:1.8.1=benchmarkCompileClasspath,benchmarkLintChecksClasspath,benchmarkRuntimeClasspath,debugCompileClasspath,debugLintChecksClasspath,debugRuntimeClasspath
androidx.annotation:annotation:1.10.0=benchmarkTestedApks,debugTestedApks
androidx.annotation:annotation:1.8.1=benchmarkCompileClasspath,benchmarkLintChecksClasspath,benchmarkRuntimeClasspath,debugCompileClasspath,debugLintChecksClasspath,debugRuntimeClasspath
androidx.appcompat:appcompat-resources:1.8.0=benchmarkTestedApks,debugTestedApks
androidx.appcompat:appcompat:1.8.0=benchmarkTestedApks,debugTestedApks
androidx.arch.core:core-common:2.1.0=benchmarkLintChecksClasspath,benchmarkRuntimeClasspath,debugLintChecksClasspath,debugRuntimeClasspath
androidx.arch.core:core-common:2.2.0=benchmarkTestedApks,debugTestedApks
androidx.arch.core:core-runtime:2.1.0=benchmarkLintChecksClasspath,benchmarkRuntimeClasspath,debugLintChecksClasspath,debugRuntimeClasspath
androidx.arch.core:core-runtime:2.2.0=benchmarkTestedApks,debugTestedApks
androidx.benchmark:benchmark-common:1.5.0=benchmarkCompileClasspath,benchmarkLintChecksClasspath,benchmarkRuntimeClasspath,debugCompileClasspath,debugLintChecksClasspath,debugRuntimeClasspath
androidx.benchmark:benchmark-macro-junit4:1.5.0=benchmarkCompileClasspath,benchmarkLintChecksClasspath,benchmarkRuntimeClasspath,debugCompileClasspath,debugLintChecksClasspath,debugRuntimeClasspath
androidx.benchmark:benchmark-macro:1.5.0=benchmarkCompileClasspath,benchmarkLintChecksClasspath,benchmarkRuntimeClasspath,debugCompileClasspath,debugLintChecksClasspath,debugRuntimeClasspath
androidx.benchmark:benchmark-traceprocessor-android:1.5.0=benchmarkCompileClasspath,benchmarkLintChecksClasspath,benchmarkRuntimeClasspath,debugCompileClasspath,debugLintChecksClasspath,debugRuntimeClasspath
androidx.benchmark:benchmark-traceprocessor:1.5.0=benchmarkCompileClasspath,benchmarkLintChecksClasspath,benchmarkRuntimeClasspath,debugCompileClasspath,debugLintChecksClasspath,debugRuntimeClasspath
androidx.collection:collection-jvm:1.5.0=benchmarkTestedApks,debugTestedApks
androidx.collection:collection:1.0.0=benchmarkLintChecksClasspath,benchmarkRuntimeClasspath,debugLintChecksClasspath,debugRuntimeClasspath
androidx.collection:collection:1.5.0=benchmarkTestedApks,debugTestedApks
androidx.compose.animation:animation-core-jvmstubs:1.12.1=benchmarkTestedApks,debugTestedApks
androidx.compose.animation:animation-core:1.12.1=benchmarkTestedApks,debugTestedApks
androidx.compose.animation:animation-jvmstubs:1.12.1=benchmarkTestedApks,debugTestedApks
androidx.compose.animation:animation:1.12.1=benchmarkTestedApks,debugTestedApks
androidx.compose.foundation:foundation-jvmstubs:1.12.1=benchmarkTestedApks,debugTestedApks
androidx.compose.foundation:foundation-layout-jvmstubs:1.12.1=benchmarkTestedApks,debugTestedApks
androidx.compose.foundation:foundation-layout:1.12.1=benchmarkTestedApks,debugTestedApks
androidx.compose.foundation:foundation:1.12.1=benchmarkTestedApks,debugTestedApks
androidx.compose.material3:material3-jvmstubs:1.4.0=benchmarkTestedApks,debugTestedApks
androidx.compose.material3:material3:1.4.0=benchmarkTestedApks,debugTestedApks
androidx.compose.material:material-icons-core-desktop:1.7.8=benchmarkTestedApks,debugTestedApks
androidx.compose.material:material-icons-core:1.7.8=benchmarkTestedApks,debugTestedApks
androidx.compose.material:material-ripple-jvmstubs:1.12.1=benchmarkTestedApks,debugTestedApks
androidx.compose.material:material-ripple:1.12.1=benchmarkTestedApks,debugTestedApks
androidx.compose.runtime:runtime-annotation-jvm:1.12.1=benchmarkTestedApks,debugTestedApks
androidx.compose.runtime:runtime-annotation:1.12.1=benchmarkTestedApks,debugTestedApks
androidx.compose.runtime:runtime-desktop:1.12.1=benchmarkTestedApks,debugTestedApks
androidx.compose.runtime:runtime-retain-desktop:1.12.1=benchmarkTestedApks,debugTestedApks
androidx.compose.runtime:runtime-retain:1.12.1=benchmarkTestedApks,debugTestedApks
androidx.compose.runtime:runtime-saveable-desktop:1.12.1=benchmarkTestedApks,debugTestedApks
androidx.compose.runtime:runtime-saveable:1.12.1=benchmarkTestedApks,debugTestedApks
androidx.compose.runtime:runtime:1.12.1=benchmarkTestedApks,debugTestedApks
androidx.compose.ui:ui-geometry-jvmstubs:1.12.1=benchmarkTestedApks,debugTestedApks
androidx.compose.ui:ui-geometry:1.12.1=benchmarkTestedApks,debugTestedApks
androidx.compose.ui:ui-graphics-jvmstubs:1.12.1=benchmarkTestedApks,debugTestedApks
androidx.compose.ui:ui-graphics:1.12.1=benchmarkTestedApks,debugTestedApks
androidx.compose.ui:ui-jvmstubs:1.12.1=benchmarkTestedApks,debugTestedApks
androidx.compose.ui:ui-test-manifest:1.12.1=debugTestedApks
androidx.compose.ui:ui-text-jvmstubs:1.12.1=benchmarkTestedApks,debugTestedApks
androidx.compose.ui:ui-text:1.12.1=benchmarkTestedApks,debugTestedApks
androidx.compose.ui:ui-tooling-data-jvmstubs:1.12.1=debugTestedApks
androidx.compose.ui:ui-tooling-data:1.12.1=debugTestedApks
androidx.compose.ui:ui-tooling-jvmstubs:1.12.1=debugTestedApks
androidx.compose.ui:ui-tooling-preview-jvmstubs:1.12.1=benchmarkTestedApks,debugTestedApks
androidx.compose.ui:ui-tooling-preview:1.12.1=benchmarkTestedApks,debugTestedApks
androidx.compose.ui:ui-tooling:1.12.1=debugTestedApks
androidx.compose.ui:ui-unit-jvmstubs:1.12.1=benchmarkTestedApks,debugTestedApks
androidx.compose.ui:ui-unit:1.12.1=benchmarkTestedApks,debugTestedApks
androidx.compose.ui:ui-util-jvmstubs:1.12.1=benchmarkTestedApks,debugTestedApks
androidx.compose.ui:ui-util:1.12.1=benchmarkTestedApks,debugTestedApks
androidx.compose.ui:ui:1.12.1=benchmarkTestedApks,debugTestedApks
androidx.compose:compose-bom:2026.09.00=benchmarkTestedApks,debugTestedApks
androidx.concurrent:concurrent-futures-ktx:1.2.0=benchmarkCompileClasspath,benchmarkLintChecksClasspath,benchmarkRuntimeClasspath,benchmarkTestedApks,debugCompileClasspath,debugLintChecksClasspath,debugRuntimeClasspath,debugTestedApks
androidx.concurrent:concurrent-futures:1.2.0=benchmarkCompileClasspath,benchmarkLintChecksClasspath,benchmarkRuntimeClasspath,benchmarkTestedApks,debugCompileClasspath,debugLintChecksClasspath,debugRuntimeClasspath,debugTestedApks
androidx.core:core-ktx:1.19.0=benchmarkTestedApks,debugTestedApks
androidx.core:core-viewtree:1.0.0=benchmarkTestedApks,debugTestedApks
androidx.core:core:1.19.0=benchmarkTestedApks,debugTestedApks
androidx.core:core:1.9.0=benchmarkLintChecksClasspath,benchmarkRuntimeClasspath,debugLintChecksClasspath,debugRuntimeClasspath
androidx.cursoradapter:cursoradapter:1.0.0=benchmarkTestedApks,debugTestedApks
androidx.customview:customview-poolingcontainer:1.0.0=benchmarkTestedApks,debugTestedApks
androidx.customview:customview:1.0.0=benchmarkTestedApks,debugTestedApks
androidx.datastore:datastore-core-jvm:1.2.1=benchmarkTestedApks,debugTestedApks
androidx.datastore:datastore-core-okio-jvm:1.2.1=benchmarkTestedApks,debugTestedApks
androidx.datastore:datastore-core-okio:1.2.1=benchmarkTestedApks,debugTestedApks
androidx.datastore:datastore-core:1.2.1=benchmarkTestedApks,debugTestedApks
androidx.datastore:datastore-jvm:1.2.1=benchmarkTestedApks,debugTestedApks
androidx.datastore:datastore-preferences-core-jvm:1.2.1=benchmarkTestedApks,debugTestedApks
androidx.datastore:datastore-preferences-core:1.2.1=benchmarkTestedApks,debugTestedApks
androidx.datastore:datastore-preferences-external-protobuf:1.2.1=benchmarkTestedApks,debugTestedApks
androidx.datastore:datastore-preferences-jvm:1.2.1=benchmarkTestedApks,debugTestedApks
androidx.datastore:datastore-preferences-proto:1.2.1=benchmarkTestedApks,debugTestedApks
androidx.datastore:datastore-preferences:1.2.1=benchmarkTestedApks,debugTestedApks
androidx.datastore:datastore:1.2.1=benchmarkTestedApks,debugTestedApks
androidx.documentfile:documentfile:1.1.0=benchmarkTestedApks,debugTestedApks
androidx.drawerlayout:drawerlayout:1.0.0=benchmarkTestedApks,debugTestedApks
androidx.emoji2:emoji2-views-helper:1.3.0=benchmarkTestedApks,debugTestedApks
androidx.emoji2:emoji2:1.3.0=benchmarkTestedApks,debugTestedApks
androidx.exifinterface:exifinterface:1.3.6=benchmarkTestedApks,debugTestedApks
androidx.fragment:fragment:1.5.4=benchmarkTestedApks,debugTestedApks
androidx.interpolator:interpolator:1.0.0=benchmarkTestedApks,debugTestedApks
androidx.lifecycle:lifecycle-common-jvm:2.11.0=benchmarkTestedApks,debugTestedApks
androidx.lifecycle:lifecycle-common:2.11.0=benchmarkTestedApks,debugTestedApks
androidx.lifecycle:lifecycle-common:2.3.1=benchmarkCompileClasspath,benchmarkLintChecksClasspath,benchmarkRuntimeClasspath,debugCompileClasspath,debugLintChecksClasspath,debugRuntimeClasspath
androidx.lifecycle:lifecycle-livedata-core-ktx:2.11.0=benchmarkTestedApks,debugTestedApks
androidx.lifecycle:lifecycle-livedata-core:2.11.0=benchmarkTestedApks,debugTestedApks
androidx.lifecycle:lifecycle-livedata:2.11.0=benchmarkTestedApks,debugTestedApks
androidx.lifecycle:lifecycle-process:2.11.0=benchmarkTestedApks,debugTestedApks
androidx.lifecycle:lifecycle-runtime-compose-desktop:2.11.0=benchmarkTestedApks,debugTestedApks
androidx.lifecycle:lifecycle-runtime-compose:2.11.0=benchmarkTestedApks,debugTestedApks
androidx.lifecycle:lifecycle-runtime-desktop:2.11.0=benchmarkTestedApks,debugTestedApks
androidx.lifecycle:lifecycle-runtime:2.11.0=benchmarkTestedApks,debugTestedApks
androidx.lifecycle:lifecycle-runtime:2.3.1=benchmarkLintChecksClasspath,benchmarkRuntimeClasspath,debugLintChecksClasspath,debugRuntimeClasspath
androidx.lifecycle:lifecycle-service:2.11.0=benchmarkTestedApks,debugTestedApks
androidx.lifecycle:lifecycle-viewmodel-compose-desktop:2.11.0=benchmarkTestedApks,debugTestedApks
androidx.lifecycle:lifecycle-viewmodel-compose:2.11.0=benchmarkTestedApks,debugTestedApks
androidx.lifecycle:lifecycle-viewmodel-desktop:2.11.0=benchmarkTestedApks,debugTestedApks
androidx.lifecycle:lifecycle-viewmodel-savedstate-desktop:2.11.0=benchmarkTestedApks,debugTestedApks
androidx.lifecycle:lifecycle-viewmodel-savedstate:2.11.0=benchmarkTestedApks,debugTestedApks
androidx.lifecycle:lifecycle-viewmodel:2.11.0=benchmarkTestedApks,debugTestedApks
androidx.loader:loader:1.0.0=benchmarkTestedApks,debugTestedApks
androidx.media3:media3-common:1.11.0=benchmarkTestedApks,debugTestedApks
androidx.media3:media3-container:1.11.0=benchmarkTestedApks,debugTestedApks
androidx.media3:media3-database:1.11.0=benchmarkTestedApks,debugTestedApks
androidx.media3:media3-datasource:1.11.0=benchmarkTestedApks,debugTestedApks
androidx.media3:media3-decoder:1.11.0=benchmarkTestedApks,debugTestedApks
androidx.media3:media3-exoplayer-dash:1.11.0=benchmarkTestedApks,debugTestedApks
androidx.media3:media3-exoplayer-hls:1.11.0=benchmarkTestedApks,debugTestedApks
androidx.media3:media3-exoplayer:1.11.0=benchmarkTestedApks,debugTestedApks
androidx.media3:media3-extractor:1.11.0=benchmarkTestedApks,debugTestedApks
androidx.media3:media3-ui:1.11.0=benchmarkTestedApks,debugTestedApks
androidx.navigation:navigation-common-desktop:2.10.1=benchmarkTestedApks,debugTestedApks
androidx.navigation:navigation-common:2.10.1=benchmarkTestedApks,debugTestedApks
androidx.navigation:navigation-compose-jvmstubs:2.10.1=benchmarkTestedApks,debugTestedApks
androidx.navigation:navigation-compose:2.10.1=benchmarkTestedApks,debugTestedApks
androidx.navigation:navigation-runtime-desktop:2.10.1=benchmarkTestedApks,debugTestedApks
androidx.navigation:navigation-runtime:2.10.1=benchmarkTestedApks,debugTestedApks
androidx.navigationevent:navigationevent-compose-desktop:1.1.2=benchmarkTestedApks,debugTestedApks
androidx.navigationevent:navigationevent-compose:1.1.2=benchmarkTestedApks,debugTestedApks
androidx.navigationevent:navigationevent-desktop:1.1.2=benchmarkTestedApks,debugTestedApks
androidx.navigationevent:navigationevent:1.1.2=benchmarkTestedApks,debugTestedApks
androidx.profileinstaller:profileinstaller:1.4.0=benchmarkTestedApks,debugTestedApks
androidx.profileinstaller:profileinstaller:1.4.1=benchmarkLintChecksClasspath,benchmarkRuntimeClasspath,debugLintChecksClasspath,debugRuntimeClasspath
androidx.recyclerview:recyclerview:1.3.0=benchmarkTestedApks,debugTestedApks
androidx.resourceinspection:resourceinspection-annotation:1.0.1=benchmarkTestedApks,debugTestedApks
androidx.room:room-common-jvm:2.8.5=benchmarkTestedApks,debugTestedApks
androidx.room:room-common:2.8.5=benchmarkTestedApks,debugTestedApks
androidx.room:room-ktx:2.8.5=benchmarkTestedApks,debugTestedApks
androidx.room:room-runtime-jvm:2.8.5=benchmarkTestedApks,debugTestedApks
androidx.room:room-runtime:2.8.5=benchmarkTestedApks,debugTestedApks
androidx.savedstate:savedstate-compose-desktop:1.5.0=benchmarkTestedApks,debugTestedApks
androidx.savedstate:savedstate-compose:1.5.0=benchmarkTestedApks,debugTestedApks
androidx.savedstate:savedstate-desktop:1.5.0=benchmarkTestedApks,debugTestedApks
androidx.savedstate:savedstate:1.5.0=benchmarkTestedApks,debugTestedApks
androidx.sqlite:sqlite-jvm:2.6.2=benchmarkTestedApks,debugTestedApks
androidx.sqlite:sqlite:2.6.2=benchmarkTestedApks,debugTestedApks
androidx.startup:startup-runtime:1.1.1=benchmarkLintChecksClasspath,benchmarkRuntimeClasspath,benchmarkTestedApks,debugLintChecksClasspath,debugRuntimeClasspath,debugTestedApks
androidx.test.espresso:espresso-core:3.7.0=benchmarkCompileClasspath,benchmarkLintChecksClasspath,benchmarkRuntimeClasspath,debugCompileClasspath,debugLintChecksClasspath,debugRuntimeClasspath
androidx.test.espresso:espresso-idling-resource:3.7.0=benchmarkCompileClasspath,benchmarkLintChecksClasspath,benchmarkRuntimeClasspath,debugCompileClasspath,debugLintChecksClasspath,debugRuntimeClasspath
androidx.test.ext:junit:1.3.0=benchmarkCompileClasspath,benchmarkLintChecksClasspath,benchmarkRuntimeClasspath,debugCompileClasspath,debugLintChecksClasspath,debugRuntimeClasspath
androidx.test.services:storage:1.6.0=benchmarkCompileClasspath,benchmarkLintChecksClasspath,benchmarkRuntimeClasspath,debugCompileClasspath,debugLintChecksClasspath,debugRuntimeClasspath
androidx.test.uiautomator:uiautomator-shell-android:2.4.0=benchmarkLintChecksClasspath,benchmarkRuntimeClasspath,debugLintChecksClasspath,debugRuntimeClasspath
androidx.test.uiautomator:uiautomator-shell:2.4.0=benchmarkLintChecksClasspath,benchmarkRuntimeClasspath,debugLintChecksClasspath,debugRuntimeClasspath
androidx.test.uiautomator:uiautomator:2.4.0=benchmarkCompileClasspath,benchmarkLintChecksClasspath,benchmarkRuntimeClasspath,debugCompileClasspath,debugLintChecksClasspath,debugRuntimeClasspath
androidx.test:annotation:1.0.1=benchmarkLintChecksClasspath,benchmarkRuntimeClasspath,debugLintChecksClasspath,debugRuntimeClasspath
androidx.test:core:1.7.0=benchmarkCompileClasspath,benchmarkLintChecksClasspath,benchmarkRuntimeClasspath,debugCompileClasspath,debugLintChecksClasspath,debugRuntimeClasspath
androidx.test:monitor:1.8.0=benchmarkCompileClasspath,benchmarkLintChecksClasspath,benchmarkRuntimeClasspath,debugCompileClasspath,debugLintChecksClasspath,debugRuntimeClasspath
androidx.test:rules:1.5.0=benchmarkLintChecksClasspath,benchmarkRuntimeClasspath,debugLintChecksClasspath,debugRuntimeClasspath
androidx.test:runner:1.7.0=benchmarkCompileClasspath,benchmarkLintChecksClasspath,benchmarkRuntimeClasspath,debugCompileClasspath,debugLintChecksClasspath,debugRuntimeClasspath
androidx.tracing:tracing-ktx:1.1.0=benchmarkLintChecksClasspath,benchmarkRuntimeClasspath,debugLintChecksClasspath,debugRuntimeClasspath
androidx.tracing:tracing-ktx:1.2.0=benchmarkTestedApks,debugTestedApks
androidx.tracing:tracing-perfetto-binary:1.0.1=benchmarkLintChecksClasspath,benchmarkRuntimeClasspath,debugLintChecksClasspath,debugRuntimeClasspath
androidx.tracing:tracing-perfetto-handshake:1.0.1=benchmarkLintChecksClasspath,benchmarkRuntimeClasspath,debugLintChecksClasspath,debugRuntimeClasspath
androidx.tracing:tracing-perfetto:1.0.1=benchmarkLintChecksClasspath,benchmarkRuntimeClasspath,debugLintChecksClasspath,debugRuntimeClasspath
androidx.tracing:tracing:1.1.0=benchmarkCompileClasspath,benchmarkLintChecksClasspath,benchmarkRuntimeClasspath,debugCompileClasspath,debugLintChecksClasspath,debugRuntimeClasspath
androidx.tracing:tracing:1.2.0=benchmarkTestedApks,debugTestedApks
androidx.vectordrawable:vectordrawable-animated:1.1.0=benchmarkTestedApks,debugTestedApks
androidx.vectordrawable:vectordrawable:1.1.0=benchmarkTestedApks,debugTestedApks
androidx.versionedparcelable:versionedparcelable:1.1.1=benchmarkLintChecksClasspath,benchmarkRuntimeClasspath,benchmarkTestedApks,debugLintChecksClasspath,debugRuntimeClasspath,debugTestedApks
androidx.viewpager:viewpager:1.0.0=benchmarkTestedApks,debugTestedApks
androidx.work:work-runtime-ktx:2.11.1=benchmarkTestedApks,debugTestedApks
androidx.work:work-runtime:2.11.1=benchmarkTestedApks,debugTestedApks
com.android.tools.analytics-library:protos:32.4.0=androidLintTool
com.android.tools.analytics-library:shared:32.4.0=androidLintTool
com.android.tools.analytics-library:tracker:32.4.0=androidLintTool
com.android.tools.androidtest:android-test-engine-result-listener:1.0.1=unified-test-platform-gradle-work-action
com.android.tools.androidtest:android-test-engine:1.0.1=unified-test-platform-gradle-work-action
com.android.tools.androidtest:test-result-event-proto:1.0.1=unified-test-platform-gradle-work-action
com.android.tools.androidtest:test-result-proto:1.0.1=unified-test-platform-gradle-work-action
com.android.tools.build:aapt2-proto:9.4.0-15978811=androidLintTool
com.android.tools.build:builder-model:9.4.0=androidLintTool
com.android.tools.build:manifest-merger:32.4.0=androidLintTool
com.android.tools.ddms:ddmlib:32.4.0=androidLintTool
com.android.tools.external.com-intellij:intellij-core:32.4.0=androidLintTool
com.android.tools.external.com-intellij:kotlin-compiler:32.4.0=androidLintTool
com.android.tools.external.org-jetbrains:uast:32.4.0=androidLintTool
com.android.tools.layoutlib:layoutlib-api:32.4.0=androidLintTool
com.android.tools.lint:lint-api:32.4.0=androidLintTool
com.android.tools.lint:lint-checks:32.4.0=androidLintTool
com.android.tools.lint:lint-gradle:32.4.0=androidLintTool
com.android.tools.lint:lint-model:32.4.0=androidLintTool
com.android.tools.lint:lint-typedef-remover:32.4.0=androidLintTool
com.android.tools.lint:lint:32.4.0=androidLintTool
com.android.tools.utp:gradle-work-action:32.4.0=unified-test-platform-gradle-work-action
com.android.tools:annotations:32.4.0=androidLintTool
com.android.tools:common:32.4.0=androidLintTool
com.android.tools:dvlib:32.4.0=androidLintTool
com.android.tools:play-sdk-proto:32.4.0=androidLintTool
com.android.tools:repository:32.4.0=androidLintTool
com.android.tools:sdk-common:32.4.0=androidLintTool
com.android.tools:sdklib:32.4.0=androidLintTool
com.fasterxml.jackson.core:jackson-annotations:2.11.1=benchmarkTestedApks,debugTestedApks
com.fasterxml.jackson.core:jackson-core:2.11.1=benchmarkTestedApks,debugTestedApks
com.fasterxml.jackson.core:jackson-databind:2.11.1=benchmarkTestedApks,debugTestedApks
com.google.code.findbugs:jsr305:3.0.2=androidLintTool,benchmarkCompileClasspath,benchmarkLintChecksClasspath,benchmarkRuntimeClasspath,debugCompileClasspath,debugLintChecksClasspath,debugRuntimeClasspath
com.google.code.gson:gson:2.11.0=androidLintTool
com.google.errorprone:error_prone_annotations:2.30.0=benchmarkCompileClasspath,benchmarkLintChecksClasspath,benchmarkRuntimeClasspath,debugCompileClasspath,debugLintChecksClasspath,debugRuntimeClasspath
com.google.errorprone:error_prone_annotations:2.36.0=androidLintTool
com.google.guava:failureaccess:1.0.2=androidLintTool,benchmarkTestedApks,debugTestedApks
com.google.guava:guava:33.3.1-android=benchmarkTestedApks,debugTestedApks
com.google.guava:guava:33.4.0-jre=androidLintTool
com.google.guava:listenablefuture:1.0=benchmarkCompileClasspath,benchmarkLintChecksClasspath,benchmarkRuntimeClasspath,debugCompileClasspath,debugLintChecksClasspath,debugRuntimeClasspath
com.google.guava:listenablefuture:9999.0-empty-to-avoid-conflict-with-guava=androidLintTool,benchmarkTestedApks,debugTestedApks
com.google.j2objc:j2objc-annotations:3.0.0=androidLintTool
com.google.jimfs:jimfs:1.1=androidLintTool
com.google.protobuf:protobuf-java:3.25.5=androidLintTool,unified-test-platform-gradle-work-action
com.squareup.moshi:moshi:1.13.0=benchmarkLintChecksClasspath,benchmarkRuntimeClasspath,debugLintChecksClasspath,debugRuntimeClasspath
com.squareup.okhttp3:okhttp-jvm:5.1.0=benchmarkTestedApks,debugTestedApks
com.squareup.okhttp3:okhttp:5.1.0=benchmarkTestedApks,debugTestedApks
com.squareup.okio:okio-jvm:3.15.0=benchmarkTestedApks,debugTestedApks
com.squareup.okio:okio-jvm:3.17.0=benchmarkCompileClasspath,benchmarkLintChecksClasspath,benchmarkRuntimeClasspath,debugCompileClasspath,debugLintChecksClasspath,debugRuntimeClasspath
com.squareup.okio:okio:3.15.0=benchmarkTestedApks,debugTestedApks
com.squareup.okio:okio:3.17.0=benchmarkCompileClasspath,benchmarkLintChecksClasspath,benchmarkRuntimeClasspath,debugCompileClasspath,debugLintChecksClasspath,debugRuntimeClasspath
com.squareup.wire:wire-runtime-jvm:6.4.0=benchmarkCompileClasspath,benchmarkLintChecksClasspath,benchmarkRuntimeClasspath,debugCompileClasspath,debugLintChecksClasspath,debugRuntimeClasspath
com.squareup.wire:wire-runtime:6.4.0=benchmarkCompileClasspath,benchmarkLintChecksClasspath,benchmarkRuntimeClasspath,debugCompileClasspath,debugLintChecksClasspath,debugRuntimeClasspath
com.sun.istack:istack-commons-runtime:3.0.8=androidLintTool
com.sun.xml.fastinfoset:FastInfoset:1.2.16=androidLintTool
commons-codec:commons-codec:1.17.1=androidLintTool
commons-io:commons-io:2.16.1=androidLintTool
commons-io:commons-io:2.5=benchmarkTestedApks,debugTestedApks
commons-logging:commons-logging:1.2=androidLintTool
io.github.junkfood02.youtubedl-android:common:0.18.1=benchmarkTestedApks,debugTestedApks
io.github.junkfood02.youtubedl-android:ffmpeg:0.17.4=benchmarkTestedApks,debugTestedApks
io.github.junkfood02.youtubedl-android:library:0.18.1=benchmarkTestedApks,debugTestedApks
jakarta.activation:jakarta.activation-api:1.2.1=androidLintTool
jakarta.xml.bind:jakarta.xml.bind-api:2.3.2=androidLintTool
javax.inject:javax.inject:1=androidLintTool,benchmarkCompileClasspath,benchmarkLintChecksClasspath,benchmarkRuntimeClasspath,debugCompileClasspath,debugLintChecksClasspath,debugRuntimeClasspath
junit:junit:4.13.2=benchmarkCompileClasspath,benchmarkLintChecksClasspath,benchmarkRuntimeClasspath,debugCompileClasspath,debugLintChecksClasspath,debugRuntimeClasspath
net.java.dev.jna:jna-platform:5.6.0=androidLintTool
net.java.dev.jna:jna:5.6.0=androidLintTool
net.sf.kxml:kxml2:2.3.0=androidLintTool
org.apache.commons:commons-compress:1.12=benchmarkTestedApks,debugTestedApks
org.apache.commons:commons-compress:1.27.1=androidLintTool
org.apache.commons:commons-lang3:3.16.0=androidLintTool
org.apache.groovy:groovy-bom:4.0.29=androidLintTool
org.apache.groovy:groovy:4.0.29=androidLintTool
org.apache.httpcomponents:httpclient:4.5.6=androidLintTool
org.apache.httpcomponents:httpcore:4.4.16=androidLintTool
org.apache.httpcomponents:httpmime:4.5.6=androidLintTool
org.bouncycastle:bcpkix-jdk18on:1.80.2=androidLintTool
org.bouncycastle:bcprov-jdk18on:1.80.2=androidLintTool
org.bouncycastle:bcutil-jdk18on:1.80.2=androidLintTool
org.checkerframework:checker-qual:3.43.0=androidLintTool
org.glassfish.jaxb:jaxb-runtime:2.3.2=androidLintTool
org.glassfish.jaxb:txw2:2.3.2=androidLintTool
org.hamcrest:hamcrest-core:1.3=benchmarkCompileClasspath,benchmarkLintChecksClasspath,benchmarkRuntimeClasspath,debugCompileClasspath,debugLintChecksClasspath,debugRuntimeClasspath
org.hamcrest:hamcrest-library:1.3=benchmarkCompileClasspath,benchmarkLintChecksClasspath,benchmarkRuntimeClasspath,debugCompileClasspath,debugLintChecksClasspath,debugRuntimeClasspath
org.jetbrains.kotlin:kotlin-build-tools-api:2.3.21=kotlinBuildToolsApiClasspath,kotlinCompilerClasspath
org.jetbrains.kotlin:kotlin-build-tools-compat:2.3.21=kotlinBuildToolsApiClasspath,kotlinCompilerClasspath
org.jetbrains.kotlin:kotlin-build-tools-cri-impl:2.3.21=kotlinBuildToolsApiClasspath,kotlinCompilerClasspath
org.jetbrains.kotlin:kotlin-build-tools-impl:2.3.21=kotlinBuildToolsApiClasspath,kotlinCompilerClasspath
org.jetbrains.kotlin:kotlin-compiler-embeddable:2.3.21=kotlinBuildToolsApiClasspath,kotlinCompilerClasspath
org.jetbrains.kotlin:kotlin-compiler-runner:2.3.21=kotlinBuildToolsApiClasspath,kotlinCompilerClasspath
org.jetbrains.kotlin:kotlin-daemon-client:2.3.21=kotlinBuildToolsApiClasspath,kotlinCompilerClasspath
org.jetbrains.kotlin:kotlin-daemon-embeddable:2.3.21=kotlinBuildToolsApiClasspath,kotlinCompilerClasspath
org.jetbrains.kotlin:kotlin-reflect:1.6.10=kotlinBuildToolsApiClasspath,kotlinCompilerClasspath
org.jetbrains.kotlin:kotlin-reflect:2.2.10=androidLintTool
org.jetbrains.kotlin:kotlin-script-runtime:2.3.21=kotlinBuildToolsApiClasspath,kotlinCompilerClasspath
org.jetbrains.kotlin:kotlin-stdlib-common:2.3.21=benchmarkTestedApks,debugTestedApks
org.jetbrains.kotlin:kotlin-stdlib-jdk7:1.8.0=benchmarkLintChecksClasspath,benchmarkRuntimeClasspath,benchmarkTestedApks,debugLintChecksClasspath,debugRuntimeClasspath,debugTestedApks
org.jetbrains.kotlin:kotlin-stdlib-jdk7:2.2.10=androidLintTool,unified-test-platform-gradle-work-action
org.jetbrains.kotlin:kotlin-stdlib-jdk8:1.8.0=benchmarkLintChecksClasspath,benchmarkRuntimeClasspath,benchmarkTestedApks,debugLintChecksClasspath,debugRuntimeClasspath,debugTestedApks
org.jetbrains.kotlin:kotlin-stdlib-jdk8:2.2.10=androidLintTool,unified-test-platform-gradle-work-action
org.jetbrains.kotlin:kotlin-stdlib:2.2.10=androidLintTool,unified-test-platform-gradle-work-action
org.jetbrains.kotlin:kotlin-stdlib:2.3.21=benchmarkCompileClasspath,benchmarkLintChecksClasspath,benchmarkRuntimeClasspath,benchmarkTestedApks,debugCompileClasspath,debugLintChecksClasspath,debugRuntimeClasspath,debugTestedApks,kotlinBuildToolsApiClasspath,kotlinCompilerClasspath
org.jetbrains.kotlin:kotlin-tooling-core:2.3.21=kotlinBuildToolsApiClasspath,kotlinCompilerClasspath
org.jetbrains.kotlinx:kotlinx-coroutines-android:1.11.0=benchmarkTestedApks,debugTestedApks
org.jetbrains.kotlinx:kotlinx-coroutines-android:1.9.0=benchmarkLintChecksClasspath,benchmarkRuntimeClasspath,debugLintChecksClasspath,debugRuntimeClasspath
org.jetbrains.kotlinx:kotlinx-coroutines-bom:1.11.0=benchmarkTestedApks,debugTestedApks
org.jetbrains.kotlinx:kotlinx-coroutines-bom:1.8.1=benchmarkCompileClasspath,debugCompileClasspath
org.jetbrains.kotlinx:kotlinx-coroutines-bom:1.9.0=androidLintTool,benchmarkLintChecksClasspath,benchmarkRuntimeClasspath,debugLintChecksClasspath,debugRuntimeClasspath,unified-test-platform-gradle-work-action
org.jetbrains.kotlinx:kotlinx-coroutines-core-jvm:1.11.0=benchmarkTestedApks,debugTestedApks
org.jetbrains.kotlinx:kotlinx-coroutines-core-jvm:1.8.0=kotlinBuildToolsApiClasspath,kotlinCompilerClasspath
org.jetbrains.kotlinx:kotlinx-coroutines-core-jvm:1.8.1=benchmarkCompileClasspath,debugCompileClasspath
org.jetbrains.kotlinx:kotlinx-coroutines-core-jvm:1.9.0=androidLintTool,benchmarkLintChecksClasspath,benchmarkRuntimeClasspath,debugLintChecksClasspath,debugRuntimeClasspath,unified-test-platform-gradle-work-action
org.jetbrains.kotlinx:kotlinx-coroutines-core:1.11.0=benchmarkTestedApks,debugTestedApks
org.jetbrains.kotlinx:kotlinx-coroutines-core:1.8.1=benchmarkCompileClasspath,debugCompileClasspath
org.jetbrains.kotlinx:kotlinx-coroutines-core:1.9.0=androidLintTool,benchmarkLintChecksClasspath,benchmarkRuntimeClasspath,debugLintChecksClasspath,debugRuntimeClasspath,unified-test-platform-gradle-work-action
org.jetbrains.kotlinx:kotlinx-serialization-bom:1.7.3=benchmarkTestedApks,debugTestedApks
org.jetbrains.kotlinx:kotlinx-serialization-core-jvm:1.7.3=benchmarkTestedApks,debugTestedApks
org.jetbrains.kotlinx:kotlinx-serialization-core:1.7.3=benchmarkTestedApks,debugTestedApks
org.jetbrains.kotlinx:kotlinx-serialization-json-jvm:1.7.3=benchmarkTestedApks,debugTestedApks
org.jetbrains.kotlinx:kotlinx-serialization-json:1.7.3=benchmarkTestedApks,debugTestedApks
org.jetbrains:annotations:13.0=kotlinBuildToolsApiClasspath,kotlinCompilerClasspath
org.jetbrains:annotations:23.0.0=androidLintTool,benchmarkCompileClasspath,benchmarkLintChecksClasspath,benchmarkRuntimeClasspath,benchmarkTestedApks,debugCompileClasspath,debugLintChecksClasspath,debugRuntimeClasspath,debugTestedApks,unified-test-platform-gradle-work-action
org.jspecify:jspecify:1.0.0=benchmarkCompileClasspath,benchmarkLintChecksClasspath,benchmarkRuntimeClasspath,benchmarkTestedApks,debugCompileClasspath,debugLintChecksClasspath,debugRuntimeClasspath,debugTestedApks
org.junit.platform:junit-platform-commons:1.13.3=unified-test-platform-gradle-work-action
org.junit.platform:junit-platform-engine:1.13.3=unified-test-platform-gradle-work-action
org.junit.platform:junit-platform-launcher:1.13.3=unified-test-platform-gradle-work-action
org.junit:junit-bom:5.13.3=unified-test-platform-gradle-work-action
org.jvnet.staxex:stax-ex:1.8.1=androidLintTool
org.opentest4j:opentest4j:1.3.0=unified-test-platform-gradle-work-action
org.ow2.asm:asm-analysis:9.9=androidLintTool
org.ow2.asm:asm-commons:9.9=androidLintTool
org.ow2.asm:asm-tree:9.9=androidLintTool
org.ow2.asm:asm:9.9=androidLintTool
empty=androidApis,androidJdkImage,androidTestUtil,benchmarkAnnotationProcessorClasspath,benchmarkImplementationDependenciesMetadata,coreLibraryDesugaring,debugAnnotationProcessorClasspath,debugImplementationDependenciesMetadata,kotlinCompilerPluginClasspath,kotlinCompilerPluginClasspathBenchmark,kotlinCompilerPluginClasspathDebug,lintChecks,lintPublish
